{
	"name": "sentiment_multilingual",
	"version": "1.0.0",
	"lockfileVersion": 1,
	"requires": true,
	"dependencies": {
		"@microsoft/recognizers-text": {
			"version": "1.1.4",
			"resolved": "https://registry.npmjs.org/@microsoft/recognizers-text/-/recognizers-text-1.1.4.tgz",
			"integrity": "sha512-hlSVXcaX5i8JcjuUJpVxmy2Z/GxvFXarF0KVySCFop57wNEnrLWMHe4I4DjP866G19VyIKRw+vPA32pkGhZgTg=="
		},
		"@microsoft/recognizers-text-choice": {
			"version": "1.1.4",
			"resolved": "https://registry.npmjs.org/@microsoft/recognizers-text-choice/-/recognizers-text-choice-1.1.4.tgz",
			"integrity": "sha512-4CddwFe4RVhZeJgW65ocBrEdeukBMghK8pgI0K0Qy2eA5ysPZQpeZ7BGSDz5QMQei5LPY+QaAQ3CHU+ORHoO7A==",
			"requires": {
				"@microsoft/recognizers-text": "~1.1.4",
				"grapheme-splitter": "^1.0.2"
			}
		},
		"@microsoft/recognizers-text-date-time": {
			"version": "1.1.4",
			"resolved": "https://registry.npmjs.org/@microsoft/recognizers-text-date-time/-/recognizers-text-date-time-1.1.4.tgz",
			"integrity": "sha512-leMnjN+KYNwNvRD5T4G0ORUzkjlek/BBZDvQIjAujtyrd/pkViUnuouWIPkFT/dbSOxXML8et54CSk2KfHiWIA==",
			"requires": {
				"@microsoft/recognizers-text": "~1.1.4",
				"@microsoft/recognizers-text-number": "~1.1.4",
				"@microsoft/recognizers-text-number-with-unit": "~1.1.4",
				"lodash.isequal": "^4.5.0",
				"lodash.tonumber": "^4.0.3"
			}
		},
		"@microsoft/recognizers-text-number": {
			"version": "1.1.4",
			"resolved": "https://registry.npmjs.org/@microsoft/recognizers-text-number/-/recognizers-text-number-1.1.4.tgz",
			"integrity": "sha512-6EmlR+HR+eJBIX7sQby1vs6LJB64wxLowHaGpIU9OCXFvZ5Nb0QT8qh10rC40v3Mtrz4DpScXfSXr9tWkIO5MQ==",
			"requires": {
				"@microsoft/recognizers-text": "~1.1.4",
				"bignumber.js": "^7.2.1",
				"lodash.escaperegexp": "^4.1.2",
				"lodash.sortby": "^4.7.0",
				"lodash.trimend": "^4.5.1"
			}
		},
		"@microsoft/recognizers-text-number-with-unit": {
			"version": "1.1.4",
			"resolved": "https://registry.npmjs.org/@microsoft/recognizers-text-number-with-unit/-/recognizers-text-number-with-unit-1.1.4.tgz",
			"integrity": "sha512-zl+CfmfWK0x/x+iSgaBAevKTYO0F4+z7SYHAHztaaaGuX8FERw2jmUjSgVetm5KA3EveyCx0XYGU1mRNY8p7Eg==",
			"requires": {
				"@microsoft/recognizers-text": "~1.1.4",
				"@microsoft/recognizers-text-number": "~1.1.4",
				"lodash.escaperegexp": "^4.1.2",
				"lodash.last": "^3.0.0",
				"lodash.max": "^4.0.1"
			}
		},
		"@microsoft/recognizers-text-sequence": {
			"version": "1.1.4",
			"resolved": "https://registry.npmjs.org/@microsoft/recognizers-text-sequence/-/recognizers-text-sequence-1.1.4.tgz",
			"integrity": "sha512-rb5j8/aE7HSOdIxaVfCGFrj0wWPpSq0CuykFg/A/iJNPP+FnAU71bgP5HexrwQcpCsDinauisX7u0DKIChrHRA==",
			"requires": {
				"@microsoft/recognizers-text": "~1.1.4",
				"grapheme-splitter": "^1.0.2"
			}
		},
		"@microsoft/recognizers-text-suite": {
			"version": "1.1.4",
			"resolved": "https://registry.npmjs.org/@microsoft/recognizers-text-suite/-/recognizers-text-suite-1.1.4.tgz",
			"integrity": "sha512-hNIaR4M2G0nNeI9WZxt9C0KYh/1vhjeKzX5Ds8XDdT0pxF7zwCSo19WNcPjrVK6aCOeZTw/ULofsAjdu9gSkcA==",
			"requires": {
				"@microsoft/recognizers-text": "~1.1.4",
				"@microsoft/recognizers-text-choice": "~1.1.4",
				"@microsoft/recognizers-text-date-time": "~1.1.4",
				"@microsoft/recognizers-text-number": "~1.1.4",
				"@microsoft/recognizers-text-number-with-unit": "~1.1.4",
				"@microsoft/recognizers-text-sequence": "~1.1.4"
			}
		},
		"@nlpjs/builtin-duckling": {
			"version": "4.1.4",
			"resolved": "https://registry.npmjs.org/@nlpjs/builtin-duckling/-/builtin-duckling-4.1.4.tgz",
			"integrity": "sha512-NO8GD7u2NgnrupErM+WU98vwsKh92GldnOCtfI9jnglnOm1XoSGzNGwiTD6bonv3FIlqX8uTzI9XA8umQT47LQ==",
			"requires": {
				"@nlpjs/core": "^4.1.4"
			}
		},
		"@nlpjs/builtin-microsoft": {
			"version": "4.1.4",
			"resolved": "https://registry.npmjs.org/@nlpjs/builtin-microsoft/-/builtin-microsoft-4.1.4.tgz",
			"integrity": "sha512-yJUhwDiBK8i5xMAXcU3GswN6e31x5QF4FmxktungtZdjzTgk/dvlWnGpdVbxdcbUlQHI0JLrYSYaiOKpcb7tpw==",
			"requires": {
				"@microsoft/recognizers-text-suite": "1.1.4",
				"@nlpjs/core": "^4.1.4"
			}
		},
		"@nlpjs/core": {
			"version": "4.1.4",
			"resolved": "https://registry.npmjs.org/@nlpjs/core/-/core-4.1.4.tgz",
			"integrity": "sha512-iOH+w84glw3GXnthNxsLKi+MYACb3GdFIBS8uHQIvhd8uo2WjMvr3AI1x3zsi2gPZEfVB/cHyZ6xAs/NnvYRjA=="
		},
		"@nlpjs/core-loader": {
			"version": "4.2.1",
			"resolved": "https://registry.npmjs.org/@nlpjs/core-loader/-/core-loader-4.2.1.tgz",
			"integrity": "sha512-mvQwlDuF9m5CsKlGS61+VY89yJDt7f/kEpURafuLpFduWiG/k8ygyx32Scpog7Y7kVr2VPjz2uj9BMG54Wx/vw==",
			"requires": {
				"@nlpjs/core": "^4.1.4",
				"@nlpjs/request": "^4.1.0"
			}
		},
		"@nlpjs/emoji": {
			"version": "4.1.4",
			"resolved": "https://registry.npmjs.org/@nlpjs/emoji/-/emoji-4.1.4.tgz",
			"integrity": "sha512-1w9Vteqeec+Xe+LlgmMXZnqF5bTt+tRivJrjTlXjyFmHBpJtx/Z6qYDYt7Os8xyaVp5FXUsEdmrwiBLidGqPEw==",
			"requires": {
				"@nlpjs/core": "^4.1.4"
			}
		},
		"@nlpjs/evaluator": {
			"version": "4.0.0-rc.19",
			"resolved": "https://registry.npmjs.org/@nlpjs/evaluator/-/evaluator-4.0.0-rc.19.tgz",
			"integrity": "sha512-A0Fi/kw3NwWaD10nEzdUTP+KRm0ZMKJdaitt58fMcUnjkHxeB8FPCHEHKkYcbZAWbcA+T8TQVDUy7vTMjI6/8Q==",
			"requires": {
				"escodegen": "^1.12.0",
				"esprima": "^4.0.1"
			}
		},
		"@nlpjs/lang-all": {
			"version": "4.2.1",
			"resolved": "https://registry.npmjs.org/@nlpjs/lang-all/-/lang-all-4.2.1.tgz",
			"integrity": "sha512-0p8iuVBj4f/gJIMjXxvELdyeAskFPjxJzmeT1PgOLwuwcOUa9iuoL0ZTCsHVZA0jUjRJObuaBgPPgv/vVg0aeQ==",
			"requires": {
				"@nlpjs/core": "^4.1.4",
				"@nlpjs/lang-ar": "^4.1.4",
				"@nlpjs/lang-bn": "^4.1.4",
				"@nlpjs/lang-ca": "^4.1.4",
				"@nlpjs/lang-cs": "^4.1.4",
				"@nlpjs/lang-da": "^4.1.4",
				"@nlpjs/lang-de": "^4.1.4",
				"@nlpjs/lang-el": "^4.1.4",
				"@nlpjs/lang-en": "^4.1.4",
				"@nlpjs/lang-es": "^4.1.4",
				"@nlpjs/lang-eu": "^4.1.4",
				"@nlpjs/lang-fa": "^4.1.4",
				"@nlpjs/lang-fi": "^4.1.4",
				"@nlpjs/lang-fr": "^4.1.4",
				"@nlpjs/lang-ga": "^4.1.4",
				"@nlpjs/lang-gl": "^4.1.4",
				"@nlpjs/lang-hi": "^4.1.4",
				"@nlpjs/lang-hu": "^4.1.4",
				"@nlpjs/lang-hy": "^4.1.4",
				"@nlpjs/lang-id": "^4.2.0",
				"@nlpjs/lang-it": "^4.1.4",
				"@nlpjs/lang-ja": "^4.1.4",
				"@nlpjs/lang-ko": "^4.2.1",
				"@nlpjs/lang-lt": "^4.1.4",
				"@nlpjs/lang-ms": "^4.2.0",
				"@nlpjs/lang-ne": "^4.1.4",
				"@nlpjs/lang-nl": "^4.1.4",
				"@nlpjs/lang-no": "^4.1.4",
				"@nlpjs/lang-pl": "^4.1.4",
				"@nlpjs/lang-pt": "^4.1.4",
				"@nlpjs/lang-ro": "^4.1.4",
				"@nlpjs/lang-ru": "^4.1.4",
				"@nlpjs/lang-sl": "^4.1.4",
				"@nlpjs/lang-sr": "^4.1.4",
				"@nlpjs/lang-sv": "^4.1.4",
				"@nlpjs/lang-ta": "^4.1.4",
				"@nlpjs/lang-th": "^4.1.4",
				"@nlpjs/lang-tl": "^4.1.4",
				"@nlpjs/lang-tr": "^4.1.4",
				"@nlpjs/lang-uk": "^4.1.4",
				"@nlpjs/lang-zh": "^4.2.1"
			}
		},
		"@nlpjs/lang-ar": {
			"version": "4.1.4",
			"resolved": "https://registry.npmjs.org/@nlpjs/lang-ar/-/lang-ar-4.1.4.tgz",
			"integrity": "sha512-Y+EXBMw4rIcKf0L51dr6nwZEa6AN+NpnkDpoRQr+hy6RQwY/DKKG0i3QMfqXKKKjELHCHFyXhlBtO4gdhwMs8g==",
			"requires": {
				"@nlpjs/core": "^4.1.4"
			}
		},
		"@nlpjs/lang-bn": {
			"version": "4.1.4",
			"resolved": "https://registry.npmjs.org/@nlpjs/lang-bn/-/lang-bn-4.1.4.tgz",
			"integrity": "sha512-oBT5YfOj1+w0WSNWkMBaxRzSEXsETRP+PdfgzQwB1ZH9L6r6XeAs14proqXcZOv0sZ5bXM6x+TvqYm905+QwEw==",
			"requires": {
				"@nlpjs/core": "^4.1.4"
			}
		},
		"@nlpjs/lang-ca": {
			"version": "4.1.4",
			"resolved": "https://registry.npmjs.org/@nlpjs/lang-ca/-/lang-ca-4.1.4.tgz",
			"integrity": "sha512-NOgS1r6ktMhR0Sh9gorEmjWcwrC8psYsy+BgMBgbtR+M1bYAJlqkHLXF15MfvxwPnB3eHPkEFjDT7xkbVwNzbQ==",
			"requires": {
				"@nlpjs/core": "^4.1.4"
			}
		},
		"@nlpjs/lang-cs": {
			"version": "4.1.4",
			"resolved": "https://registry.npmjs.org/@nlpjs/lang-cs/-/lang-cs-4.1.4.tgz",
			"integrity": "sha512-/VLm1QCkU6bnAHiRzX5zSmWZasJXO641D0OXty1ywh9gHIcilXJRZF+hP9GRf8ZsMCHMXLgVCiaf2s1gIHzWGw==",
			"requires": {
				"@nlpjs/core": "^4.1.4"
			}
		},
		"@nlpjs/lang-da": {
			"version": "4.1.4",
			"resolved": "https://registry.npmjs.org/@nlpjs/lang-da/-/lang-da-4.1.4.tgz",
			"integrity": "sha512-brJP0IWdQT1NuMqgnidHab49sKR4AfIUM8vwWqKQYyB4x0im+R3SKqVv120BOLP/exrxm2PfmcDGIOsoEW//cw==",
			"requires": {
				"@nlpjs/core": "^4.1.4"
			}
		},
		"@nlpjs/lang-de": {
			"version": "4.1.4",
			"resolved": "https://registry.npmjs.org/@nlpjs/lang-de/-/lang-de-4.1.4.tgz",
			"integrity": "sha512-DYgoEYynWJ6lVTWEljXPinJRILoOJnYOREXTUK3yILPYvVuw+HKbQvAp0SrRltJAgqrH8rRaqITQa6PKo+e1Pg==",
			"requires": {
				"@nlpjs/core": "^4.1.4"
			}
		},
		"@nlpjs/lang-el": {
			"version": "4.1.4",
			"resolved": "https://registry.npmjs.org/@nlpjs/lang-el/-/lang-el-4.1.4.tgz",
			"integrity": "sha512-m1VFbm+CPxzjXcfrQSiG4a31fTvanGIsyTaOwk9GZJiUvyQkt5ln9epb7PHv4zMfQZbM6MqtAUniN/6fIHNt3A==",
			"requires": {
				"@nlpjs/core": "^4.1.4"
			}
		},
		"@nlpjs/lang-en": {
			"version": "4.1.4",
			"resolved": "https://registry.npmjs.org/@nlpjs/lang-en/-/lang-en-4.1.4.tgz",
			"integrity": "sha512-zwGntJ4nE/XRMC+AccYYlgBHHVWsbVK33HpTx6tiST28SCx3KhgDiSmKKe89kKbgJmy8jjYlGJazsTDzF8ggWA==",
			"requires": {
				"@nlpjs/core": "^4.1.4",
				"@nlpjs/lang-en-min": "^4.1.4"
			}
		},
		"@nlpjs/lang-en-min": {
			"version": "4.1.4",
			"resolved": "https://registry.npmjs.org/@nlpjs/lang-en-min/-/lang-en-min-4.1.4.tgz",
			"integrity": "sha512-yCHRYXXlhDZ46x/qmU33UE4yBe9EPwyq2ILVRhqlEm54M10CTuLiXRTqMHrM+jfbM10P4q7lBcsTF088//uBbw==",
			"requires": {
				"@nlpjs/core": "^4.1.4"
			}
		},
		"@nlpjs/lang-es": {
			"version": "4.1.4",
			"resolved": "https://registry.npmjs.org/@nlpjs/lang-es/-/lang-es-4.1.4.tgz",
			"integrity": "sha512-fSv69kv5LJZMj0ndlpSwFZW2YnYZaXwLTnHcl+4kTdDjKJqDTr06f6uxNucWYlk3waXa8SJhPKKA/y5KCX8fAw==",
			"requires": {
				"@nlpjs/core": "^4.1.4"
			}
		},
		"@nlpjs/lang-eu": {
			"version": "4.1.4",
			"resolved": "https://registry.npmjs.org/@nlpjs/lang-eu/-/lang-eu-4.1.4.tgz",
			"integrity": "sha512-Gxc7qDgETpd+dAB3dk2gYiQ8GZI5nyEsdR2wj41nm8iZApZCcY1NbCzWi3EMjBe3IPqQfzEjBooZSFVH6yur3Q==",
			"requires": {
				"@nlpjs/core": "^4.1.4"
			}
		},
		"@nlpjs/lang-fa": {
			"version": "4.1.4",
			"resolved": "https://registry.npmjs.org/@nlpjs/lang-fa/-/lang-fa-4.1.4.tgz",
			"integrity": "sha512-oB08x+mnS7dMEXUfVMzg5t0GGeOLzVQ7TtiO85Oi5ZBFAq7c1hNClZGKpOpoqGiNo62LUoyTKcr7QqiaO3GYQg==",
			"requires": {
				"@nlpjs/core": "^4.1.4"
			}
		},
		"@nlpjs/lang-fi": {
			"version": "4.1.4",
			"resolved": "https://registry.npmjs.org/@nlpjs/lang-fi/-/lang-fi-4.1.4.tgz",
			"integrity": "sha512-zoIrImr5wAVnsUwZVsOAc956f7ah9+Ywlt6wQgEQXM34pGF0iyh7TKM6QRQgxxXPFKBeC4kTAArO4CU4oELIIA==",
			"requires": {
				"@nlpjs/core": "^4.1.4"
			}
		},
		"@nlpjs/lang-fr": {
			"version": "4.1.4",
			"resolved": "https://registry.npmjs.org/@nlpjs/lang-fr/-/lang-fr-4.1.4.tgz",
			"integrity": "sha512-zpf3bvicRqIiZqAX0I1QeBUBJt0kRnYTCAP5gLw4ZOpFxtOhAp2X8+0EoAaHgESV5ZYDkeOANpQNCUgOMsBFgQ==",
			"requires": {
				"@nlpjs/core": "^4.1.4"
			}
		},
		"@nlpjs/lang-ga": {
			"version": "4.1.4",
			"resolved": "https://registry.npmjs.org/@nlpjs/lang-ga/-/lang-ga-4.1.4.tgz",
			"integrity": "sha512-LjsNy1E2vh5pGcsal3lpnhPTp51U/+Od+cswX0JKzGsGLpyk1Jwr1wXCtB+/uO3j1zMoaI9hWPT1IaFf0QMevA==",
			"requires": {
				"@nlpjs/core": "^4.1.4"
			}
		},
		"@nlpjs/lang-gl": {
			"version": "4.1.4",
			"resolved": "https://registry.npmjs.org/@nlpjs/lang-gl/-/lang-gl-4.1.4.tgz",
			"integrity": "sha512-Pawb5E/4TER4lO8ihbau0USMRLSHExONAu6s1ryowLCrTtBC03/sTw+qOQieXEWJvcIK8vV5dckSF1k3Go7v5w==",
			"requires": {
				"@nlpjs/core": "^4.1.4"
			}
		},
		"@nlpjs/lang-hi": {
			"version": "4.1.4",
			"resolved": "https://registry.npmjs.org/@nlpjs/lang-hi/-/lang-hi-4.1.4.tgz",
			"integrity": "sha512-dwLNMu0x0Hxo2Jlp2dR8YL/ZaOke/MGGm/XwXDuDvQV3gkjZcZqrtZyySVIgzR7GXDYOuA3d1ZPutX6NZSlxhA==",
			"requires": {
				"@nlpjs/core": "^4.1.4"
			}
		},
		"@nlpjs/lang-hu": {
			"version": "4.1.4",
			"resolved": "https://registry.npmjs.org/@nlpjs/lang-hu/-/lang-hu-4.1.4.tgz",
			"integrity": "sha512-3J46wGg6eH3tI5TCbfUBeXLJCM0lli6bjbFugulpYPIyOX+RJERfDIhyaueH0nc4akPnahkP9mwWkWdcjdyZDQ==",
			"requires": {
				"@nlpjs/core": "^4.1.4"
			}
		},
		"@nlpjs/lang-hy": {
			"version": "4.1.4",
			"resolved": "https://registry.npmjs.org/@nlpjs/lang-hy/-/lang-hy-4.1.4.tgz",
			"integrity": "sha512-r5m6rCr4xAGgc2NTCuIACleVHHaA1Lkscu42REF/NYkbAXqTddIYTiHTNh5Ywh/IyeYLYz9+YyUhmJZlAezgNQ==",
			"requires": {
				"@nlpjs/core": "^4.1.4"
			}
		},
		"@nlpjs/lang-id": {
			"version": "4.2.0",
			"resolved": "https://registry.npmjs.org/@nlpjs/lang-id/-/lang-id-4.2.0.tgz",
			"integrity": "sha512-KWIE2vpR2zeyJDA0+pzaO+QWUNXUu476TiS8m2WjOD/BWFIbBrG5ty0a6cIVEpgTVXUwyMk+NHFKPa/CqWwh5A==",
			"requires": {
				"@nlpjs/core": "^4.1.4"
			}
		},
		"@nlpjs/lang-it": {
			"version": "4.1.4",
			"resolved": "https://registry.npmjs.org/@nlpjs/lang-it/-/lang-it-4.1.4.tgz",
			"integrity": "sha512-F9RFb97NgGdJiy23LbMi/v2kxFsruuEH/6VrZMSh6EIwU9a3f3ZRhARR/ZTjJULAc9PI1zp1xSm0c8fvweqnag==",
			"requires": {
				"@nlpjs/core": "^4.1.4"
			}
		},
		"@nlpjs/lang-ja": {
			"version": "4.1.4",
			"resolved": "https://registry.npmjs.org/@nlpjs/lang-ja/-/lang-ja-4.1.4.tgz",
			"integrity": "sha512-PfeLytTHGZ8c8rpEW2NWgSPvSjVGSH9owoodMLKs/QRjeBYCppJIwGLhprSo2IfOQihoUpndM4j5xqPRP7IPVw==",
			"requires": {
				"@nlpjs/core": "^4.1.4",
				"kuromoji": "^0.1.2"
			}
		},
		"@nlpjs/lang-ko": {
			"version": "4.2.1",
			"resolved": "https://registry.npmjs.org/@nlpjs/lang-ko/-/lang-ko-4.2.1.tgz",
			"integrity": "sha512-PJs+da1PyomAuMKkgVMOJNXTKM7AnnuBZ6bTyT/Hw7jnRdLjgsEWEhb/wf65qyBveVh5Wrl50DSzQWqn9J10/g==",
			"requires": {
				"@nlpjs/core": "^4.1.4"
			}
		},
		"@nlpjs/lang-lt": {
			"version": "4.1.4",
			"resolved": "https://registry.npmjs.org/@nlpjs/lang-lt/-/lang-lt-4.1.4.tgz",
			"integrity": "sha512-FdyAaGKPYN06dIa/jH/5G0qXr8vX4w/ZMA96ViVLWmaRFr7FBha5PqxjF1IxkS50lwVpK66J+QuYbsAEgnNz4A==",
			"requires": {
				"@nlpjs/core": "^4.1.4"
			}
		},
		"@nlpjs/lang-ms": {
			"version": "4.2.0",
			"resolved": "https://registry.npmjs.org/@nlpjs/lang-ms/-/lang-ms-4.2.0.tgz",
			"integrity": "sha512-XXTApbBiFHOzqYgACTbAQE+eKCkn2226mExh5bpW3Xf27k6vwtk9HEZtkHbsNISFcGpy2DmvI2bhI6cBuess9w==",
			"requires": {
				"@nlpjs/core": "^4.1.4",
				"@nlpjs/lang-id": "^4.2.0"
			}
		},
		"@nlpjs/lang-ne": {
			"version": "4.1.4",
			"resolved": "https://registry.npmjs.org/@nlpjs/lang-ne/-/lang-ne-4.1.4.tgz",
			"integrity": "sha512-NacphIBFyMiTAZEjtJlKQjcmojWN/fobhtQZMjdZE1mFuBwk4EKL/qG6RFqLJROjW9AbbKSFIctvhYxzIOUIIA==",
			"requires": {
				"@nlpjs/core": "^4.1.4"
			}
		},
		"@nlpjs/lang-nl": {
			"version": "4.1.4",
			"resolved": "https://registry.npmjs.org/@nlpjs/lang-nl/-/lang-nl-4.1.4.tgz",
			"integrity": "sha512-EslLit03FUiFJwv9sNXbeVgUf/7C9GCTsmVjg27Xw8VHKEjhBNdsAxF1GiNNtxG8Bmj9ozhcl3Y6YlwTYPGitQ==",
			"requires": {
				"@nlpjs/core": "^4.1.4"
			}
		},
		"@nlpjs/lang-no": {
			"version": "4.1.4",
			"resolved": "https://registry.npmjs.org/@nlpjs/lang-no/-/lang-no-4.1.4.tgz",
			"integrity": "sha512-pQ6icQUgcxjtsop0aLmlM5LE1kB60UjaqAJW/JfUv5e4ybK87ahMpaNQwC4R3DFxjKxtuxL/e2jx/X+7kR5b0Q==",
			"requires": {
				"@nlpjs/core": "^4.1.4"
			}
		},
		"@nlpjs/lang-pl": {
			"version": "4.1.4",
			"resolved": "https://registry.npmjs.org/@nlpjs/lang-pl/-/lang-pl-4.1.4.tgz",
			"integrity": "sha512-LI3BLJdlA9zsjIsgxUaZ0FbYXQnRIlPRON7ixS5fay8fnRau80PhiLxIJR3SOXzDIsZAUNaQgbpBl2klDwUPuw==",
			"requires": {
				"@nlpjs/core": "^4.1.4"
			}
		},
		"@nlpjs/lang-pt": {
			"version": "4.1.4",
			"resolved": "https://registry.npmjs.org/@nlpjs/lang-pt/-/lang-pt-4.1.4.tgz",
			"integrity": "sha512-uv7jhaCXlUkYU0At9vhMuPtm5S+VNhJfFbMPmgburUEnbKgLYR8sxsnAOEErVHt1F8YVUO31xomBjBQtRNg16w==",
			"requires": {
				"@nlpjs/core": "^4.1.4"
			}
		},
		"@nlpjs/lang-ro": {
			"version": "4.1.4",
			"resolved": "https://registry.npmjs.org/@nlpjs/lang-ro/-/lang-ro-4.1.4.tgz",
			"integrity": "sha512-SFT79asmGMr8fkMIGB89V0v7MY9/lZ1JpHJBFFfDq1/rmzA0OLqaB8c3k8eeIduUEVVUOH1kUgzBdRysS5+Alg==",
			"requires": {
				"@nlpjs/core": "^4.1.4"
			}
		},
		"@nlpjs/lang-ru": {
			"version": "4.1.4",
			"resolved": "https://registry.npmjs.org/@nlpjs/lang-ru/-/lang-ru-4.1.4.tgz",
			"integrity": "sha512-ca/G82Zk/xucJ4d6vf6JGwavtBwb2zJ/XV+v3kvMAMN7wIdMcfOUpBuD1N2ojBmJbsftQcslcQLyWYh5Mgp0+Q==",
			"requires": {
				"@nlpjs/core": "^4.1.4"
			}
		},
		"@nlpjs/lang-sl": {
			"version": "4.1.4",
			"resolved": "https://registry.npmjs.org/@nlpjs/lang-sl/-/lang-sl-4.1.4.tgz",
			"integrity": "sha512-zislVLkVjaqLihLhDwl9sC1B/Z3cAfGJ2iHYmya9uHK/D6HYkCf+33+93mkVl7Nzl7uHImPyZODSXliw8mG+SQ==",
			"requires": {
				"@nlpjs/core": "^4.1.4"
			}
		},
		"@nlpjs/lang-sr": {
			"version": "4.1.4",
			"resolved": "https://registry.npmjs.org/@nlpjs/lang-sr/-/lang-sr-4.1.4.tgz",
			"integrity": "sha512-jSQzdx7tmUJRPb/y/Hu3ABj2/oau79/TblKPtwtSLoF9sJmI54w4oTykox2keZnwrH0E1cGsBBu9Wx2qT2TPRw==",
			"requires": {
				"@nlpjs/core": "^4.1.4"
			}
		},
		"@nlpjs/lang-sv": {
			"version": "4.1.4",
			"resolved": "https://registry.npmjs.org/@nlpjs/lang-sv/-/lang-sv-4.1.4.tgz",
			"integrity": "sha512-+XcW11dc9YbWWgAN+1YmDhkexRLQ3F7Xvj2Ke2pgrmVs6rx/bFG12A+bORvwotXhdLQ/IsFkL4g7UNgClARzCg==",
			"requires": {
				"@nlpjs/core": "^4.1.4"
			}
		},
		"@nlpjs/lang-ta": {
			"version": "4.1.4",
			"resolved": "https://registry.npmjs.org/@nlpjs/lang-ta/-/lang-ta-4.1.4.tgz",
			"integrity": "sha512-47W2LSy5KMYjc7RylmBxJIN1OS2kAvFY8OZznhnBOUMF/73PwN+1M/UTaJI6HmxPW3zi595Uk0XqNvdJlWvAkw==",
			"requires": {
				"@nlpjs/core": "^4.1.4"
			}
		},
		"@nlpjs/lang-th": {
			"version": "4.1.4",
			"resolved": "https://registry.npmjs.org/@nlpjs/lang-th/-/lang-th-4.1.4.tgz",
			"integrity": "sha512-0zZYqkSRt9s8VFWzNiMpDSdf6rx/R/13CcZx6vzTZT3pMrJk6b7GwSbfT8ub+StIXKFIjZudnfNqDFtYUMzmSg==",
			"requires": {
				"@nlpjs/core": "^4.1.4"
			}
		},
		"@nlpjs/lang-tl": {
			"version": "4.1.4",
			"resolved": "https://registry.npmjs.org/@nlpjs/lang-tl/-/lang-tl-4.1.4.tgz",
			"integrity": "sha512-8mz0gZVP3hhxT5ylVOL702v4/8aXLVfPqMptBbQTEI44xez093rvs76dpgyT3R1vtrkww4ifSNHo/QxqcuxVQQ==",
			"requires": {
				"@nlpjs/core": "^4.1.4"
			}
		},
		"@nlpjs/lang-tr": {
			"version": "4.1.4",
			"resolved": "https://registry.npmjs.org/@nlpjs/lang-tr/-/lang-tr-4.1.4.tgz",
			"integrity": "sha512-yBbl+2KXVauhQDfrF0pjlxLj1ItdccczCLPOP/vcxCJfaGOViYD7rFKSxHS5xuiI9qFPNrC8MUBl+/+ToLH3hQ==",
			"requires": {
				"@nlpjs/core": "^4.1.4"
			}
		},
		"@nlpjs/lang-uk": {
			"version": "4.1.4",
			"resolved": "https://registry.npmjs.org/@nlpjs/lang-uk/-/lang-uk-4.1.4.tgz",
			"integrity": "sha512-EvkU+EOlScQu+Er3/S8Xspxx15EzkUOfEdtID69ZsQdsSo87SWM/yI2jpI9+0dXaH8bxoCDHuEUI/S9ILoLhjg==",
			"requires": {
				"@nlpjs/core": "^4.1.4"
			}
		},
		"@nlpjs/lang-zh": {
			"version": "4.2.1",
			"resolved": "https://registry.npmjs.org/@nlpjs/lang-zh/-/lang-zh-4.2.1.tgz",
			"integrity": "sha512-Li1lNzVXy+HAbBxF8rK3XSUZvSO8Kv1ySKjpoPjNy9+AWeFAwqCf1vljqMLF7YwiE77r8dj6uFhmYdnWr3Y/bg==",
			"requires": {
				"@nlpjs/core": "^4.1.4"
			}
		},
		"@nlpjs/language": {
			"version": "4.1.1",
			"resolved": "https://registry.npmjs.org/@nlpjs/language/-/language-4.1.1.tgz",
			"integrity": "sha512-9t/jxCjGhuUwh0uNGUk8XLg44JZoOj9mQTfMF57G6EqL9j4myFm06TBM9lNqLWBkzHxUONqHBeWhQxY+TAdjfQ=="
		},
		"@nlpjs/language-min": {
			"version": "4.1.2",
			"resolved": "https://registry.npmjs.org/@nlpjs/language-min/-/language-min-4.1.2.tgz",
			"integrity": "sha512-fIjjUiqITXwGrPd7LXt8w+S75tNI2+huel00eyai3zhaObL57ZAl7U/jrhCGHEIiJXiKLtsG4oMiLG3FUGkIlA=="
		},
		"@nlpjs/ner": {
			"version": "4.1.4",
			"resolved": "https://registry.npmjs.org/@nlpjs/ner/-/ner-4.1.4.tgz",
			"integrity": "sha512-lN8qwdl1rx0KWglKIuskQLvzS8qaRRQ57MSq5mdwzns7/nxdkZDqJs4C6fxlOpXU2JElQZKHp/qWz9soh6rOAw==",
			"requires": {
				"@nlpjs/core": "^4.1.4",
				"@nlpjs/language-min": "^4.1.2",
				"@nlpjs/similarity": "^4.0.0-rc.4"
			}
		},
		"@nlpjs/neural": {
			"version": "4.1.4",
			"resolved": "https://registry.npmjs.org/@nlpjs/neural/-/neural-4.1.4.tgz",
			"integrity": "sha512-lMQMavAm+tMeju1yEsyTtcml6eyDG2C5txGMzzWBmeLnOVPelqMzzWzY0S21HRYtD7t/24d/eoto749xxLwPgA==",
			"requires": {
				"@nlpjs/core": "^4.1.4"
			}
		},
		"@nlpjs/nlg": {
			"version": "4.1.4",
			"resolved": "https://registry.npmjs.org/@nlpjs/nlg/-/nlg-4.1.4.tgz",
			"integrity": "sha512-zcximogcALUVJmaWtzwWF4fR3oL2oTatrgRiUQY9fYXwMLeEnHFHBqdtoj2FS1Wp4YXjaWqZfAMrD5qMre4d6g==",
			"requires": {
				"@nlpjs/core": "^4.1.4"
			}
		},
		"@nlpjs/nlp": {
			"version": "4.2.1",
			"resolved": "https://registry.npmjs.org/@nlpjs/nlp/-/nlp-4.2.1.tgz",
			"integrity": "sha512-hhPo0pqJSwgjQCOKDoNFTg0mdONbnzGH+hVlEL3y4fX//thkukzM4BDktZ86f2O8MANuRMFyRAHHMtAcO0ixNg==",
			"requires": {
				"@nlpjs/core": "^4.1.4",
				"@nlpjs/ner": "^4.1.4",
				"@nlpjs/nlg": "^4.1.4",
				"@nlpjs/nlu": "^4.2.0",
				"@nlpjs/sentiment": "^4.1.4",
				"@nlpjs/slot": "^4.0.0-rc.4"
			}
		},
		"@nlpjs/nlu": {
			"version": "4.2.0",
			"resolved": "https://registry.npmjs.org/@nlpjs/nlu/-/nlu-4.2.0.tgz",
			"integrity": "sha512-Gmy1P20hcpXWav1V9Kki94bpH6QVvcyYLXEBNEpHgxwkwC0loyF8TYwOjyx91Jxfb826S/5pOrov2wI3vGANYQ==",
			"requires": {
				"@nlpjs/core": "^4.1.4",
				"@nlpjs/language-min": "^4.1.2",
				"@nlpjs/neural": "^4.1.4",
				"@nlpjs/similarity": "^4.0.0-rc.4"
			}
		},
		"@nlpjs/request": {
			"version": "4.1.0",
			"resolved": "https://registry.npmjs.org/@nlpjs/request/-/request-4.1.0.tgz",
			"integrity": "sha512-2yYLdetqRjSrP44GV3xvNUZs2NB1a4cAhYut0tep/93M4U3tst/B+N1Ug6vP3GOSwc0NBJKOS3bwuYUSxbnAbQ==",
			"requires": {
				"https-proxy-agent": "^3.0.1"
			}
		},
		"@nlpjs/sentiment": {
			"version": "4.1.4",
			"resolved": "https://registry.npmjs.org/@nlpjs/sentiment/-/sentiment-4.1.4.tgz",
			"integrity": "sha512-rTnEhSj6NzzT9fKSuvBcR8oCy63SstG5QPTB4PIRWAOVXXTYw1FNOEVyU3XfVB+rUxpfcdF9lh8P9kYR/bxeTA==",
			"requires": {
				"@nlpjs/core": "^4.1.4",
				"@nlpjs/language-min": "^4.1.2",
				"@nlpjs/neural": "^4.1.4"
			}
		},
		"@nlpjs/similarity": {
			"version": "4.0.0-rc.4",
			"resolved": "https://registry.npmjs.org/@nlpjs/similarity/-/similarity-4.0.0-rc.4.tgz",
			"integrity": "sha512-S5zC6JbISyLtZkLF86qU5T4X5kolibvmY7DCHQICsWsu/P7xDQEQ9whRCM4NO3bypnvQefRsljsAGCCC462eWw=="
		},
		"@nlpjs/slot": {
			"version": "4.0.0-rc.4",
			"resolved": "https://registry.npmjs.org/@nlpjs/slot/-/slot-4.0.0-rc.4.tgz",
			"integrity": "sha512-oprPTcwCjjg+zJYmKeBhfHQDaYjVCOyMgmN6puFYQR4t//0kHbTw4XVwljJv68Wd3h6JTwx96k1X7tFTuDPrew=="
		},
		"@nlpjs/xtables": {
			"version": "4.0.0-rc.4",
			"resolved": "https://registry.npmjs.org/@nlpjs/xtables/-/xtables-4.0.0-rc.4.tgz",
			"integrity": "sha512-zakc473Zb6/0iIf2cisKZcJiGH2y9EPKS2YvhrxcRP+glOY1eSo3SEsreqPk2O0x+4LTOl43UZcCCELjvYhSCA==",
			"requires": {
				"xlsx": "^0.15.1"
			}
		},
		"adler-32": {
			"version": "1.2.0",
			"resolved": "https://registry.npmjs.org/adler-32/-/adler-32-1.2.0.tgz",
			"integrity": "sha1-aj5r8KY5ALoVZSgIyxXGgT0aXyU=",
			"requires": {
				"exit-on-epipe": "~1.0.1",
				"printj": "~1.1.0"
			}
		},
		"agent-base": {
			"version": "4.3.0",
			"resolved": "https://registry.npmjs.org/agent-base/-/agent-base-4.3.0.tgz",
			"integrity": "sha512-salcGninV0nPrwpGNn4VTXBb1SOuXQBiqbrNXoeizJsHrsL6ERFM2Ne3JUSBWRE6aeNJI2ROP/WEEIDUiDe3cg==",
			"requires": {
				"es6-promisify": "^5.0.0"
			}
		},
		"async": {
			"version": "2.6.3",
			"resolved": "https://registry.npmjs.org/async/-/async-2.6.3.tgz",
			"integrity": "sha512-zflvls11DCy+dQWzTW2dzuilv8Z5X/pjfmZOWba6TNIVDm+2UDaJmXSOXlasHKfNBs8oo3M0aT50fDEWfKZjXg==",
			"requires": {
				"lodash": "^4.17.14"
			}
		},
		"bignumber.js": {
			"version": "7.2.1",
			"resolved": "https://registry.npmjs.org/bignumber.js/-/bignumber.js-7.2.1.tgz",
			"integrity": "sha512-S4XzBk5sMB+Rcb/LNcpzXr57VRTxgAvaAEDAl1AwRx27j00hT84O6OkteE7u8UB3NuaaygCRrEpqox4uDOrbdQ=="
		},
		"cfb": {
			"version": "1.1.3",
			"resolved": "https://registry.npmjs.org/cfb/-/cfb-1.1.3.tgz",
			"integrity": "sha512-joXBW0nMuwV9no7UTMiyVJnQL6XIU3ThXVjFUDHgl9MpILPOomyfaGqC290VELZ48bbQKZXnQ81UT5HouTxHsw==",
			"requires": {
				"adler-32": "~1.2.0",
				"commander": "^2.16.0",
				"crc-32": "~1.2.0",
				"printj": "~1.1.2"
			}
		},
		"codepage": {
			"version": "1.14.0",
			"resolved": "https://registry.npmjs.org/codepage/-/codepage-1.14.0.tgz",
			"integrity": "sha1-jL4lSBMjVZ19MHVxsP/5HnodL5k=",
			"requires": {
				"commander": "~2.14.1",
				"exit-on-epipe": "~1.0.1"
			},
			"dependencies": {
				"commander": {
					"version": "2.14.1",
					"resolved": "https://registry.npmjs.org/commander/-/commander-2.14.1.tgz",
					"integrity": "sha512-+YR16o3rK53SmWHU3rEM3tPAh2rwb1yPcQX5irVn7mb0gXbwuCCrnkbV5+PBfETdfg1vui07nM6PCG1zndcjQw=="
				}
			}
		},
		"commander": {
			"version": "2.17.1",
			"resolved": "https://registry.npmjs.org/commander/-/commander-2.17.1.tgz",
			"integrity": "sha512-wPMUt6FnH2yzG95SA6mzjQOEKUU3aLaDEmzs1ti+1E9h+CsrZghRlqEM/EJ4KscsQVG8uNN4uVreUeT8+drlgg=="
		},
		"crc-32": {
			"version": "1.2.0",
			"resolved": "https://registry.npmjs.org/crc-32/-/crc-32-1.2.0.tgz",
			"integrity": "sha512-1uBwHxF+Y/4yF5G48fwnKq6QsIXheor3ZLPT80yGBV1oEUwpPojlEhQbWKVw1VwcTQyMGHK1/XMmTjmlsmTTGA==",
			"requires": {
				"exit-on-epipe": "~1.0.1",
				"printj": "~1.1.0"
			}
		},
		"debug": {
			"version": "3.2.6",
			"resolved": "https://registry.npmjs.org/debug/-/debug-3.2.6.tgz",
			"integrity": "sha512-mel+jf7nrtEl5Pn1Qx46zARXKDpBbvzezse7p7LqINmdoIk8PYP5SySaxEmYv6TZ0JyEKA1hsCId6DIhgITtWQ==",
			"requires": {
				"ms": "^2.1.1"
			}
		},
		"deep-is": {
			"version": "0.1.3",
			"resolved": "https://registry.npmjs.org/deep-is/-/deep-is-0.1.3.tgz",
			"integrity": "sha1-s2nW+128E+7PUk+RsHD+7cNXzzQ="
		},
		"doublearray": {
			"version": "0.0.2",
			"resolved": "https://registry.npmjs.org/doublearray/-/doublearray-0.0.2.tgz",
			"integrity": "sha1-Yxhv6NNEEydtNiH2qg7F954ifvk="
		},
		"es6-promise": {
			"version": "4.2.8",
			"resolved": "https://registry.npmjs.org/es6-promise/-/es6-promise-4.2.8.tgz",
			"integrity": "sha512-HJDGx5daxeIvxdBxvG2cb9g4tEvwIk3i8+nhX0yGrYmZUzbkdg8QbDevheDB8gd0//uPj4c1EQua8Q+MViT0/w=="
		},
		"es6-promisify": {
			"version": "5.0.0",
			"resolved": "https://registry.npmjs.org/es6-promisify/-/es6-promisify-5.0.0.tgz",
			"integrity": "sha1-UQnWLz5W6pZ8S2NQWu8IKRyKUgM=",
			"requires": {
				"es6-promise": "^4.0.3"
			}
		},
		"escodegen": {
			"version": "1.14.1",
			"resolved": "https://registry.npmjs.org/escodegen/-/escodegen-1.14.1.tgz",
			"integrity": "sha512-Bmt7NcRySdIfNPfU2ZoXDrrXsG9ZjvDxcAlMfDUgRBjLOWTuIACXPBFJH7Z+cLb40JeQco5toikyc9t9P8E9SQ==",
			"requires": {
				"esprima": "^4.0.1",
				"estraverse": "^4.2.0",
				"esutils": "^2.0.2",
				"optionator": "^0.8.1",
				"source-map": "~0.6.1"
			}
		},
		"esprima": {
			"version": "4.0.1",
			"resolved": "https://registry.npmjs.org/esprima/-/esprima-4.0.1.tgz",
			"integrity": "sha512-eGuFFw7Upda+g4p+QHvnW0RyTX/SVeJBDM/gCtMARO0cLuT2HcEKnTPvhjV6aGeqrCB/sbNop0Kszm0jsaWU4A=="
		},
		"estraverse": {
			"version": "4.3.0",
			"resolved": "https://registry.npmjs.org/estraverse/-/estraverse-4.3.0.tgz",
			"integrity": "sha512-39nnKffWz8xN1BU/2c79n9nB9HDzo0niYUqx6xyqUnyoAnQyyWpOTdZEeiCch8BBu515t4wp9ZmgVfVhn9EBpw=="
		},
		"esutils": {
			"version": "2.0.3",
			"resolved": "https://registry.npmjs.org/esutils/-/esutils-2.0.3.tgz",
			"integrity": "sha512-kVscqXk4OCp68SZ0dkgEKVi6/8ij300KBWTJq32P/dYeWTSwK41WyTxalN1eRmA5Z9UU/LX9D7FWSmV9SAYx6g=="
		},
		"exit-on-epipe": {
			"version": "1.0.1",
			"resolved": "https://registry.npmjs.org/exit-on-epipe/-/exit-on-epipe-1.0.1.tgz",
			"integrity": "sha512-h2z5mrROTxce56S+pnvAV890uu7ls7f1kEvVGJbw1OlFH3/mlJ5bkXu0KRyW94v37zzHPiUd55iLn3DA7TjWpw=="
		},
		"fast-levenshtein": {
			"version": "2.0.6",
			"resolved": "https://registry.npmjs.org/fast-levenshtein/-/fast-levenshtein-2.0.6.tgz",
			"integrity": "sha1-PYpcZog6FqMMqGQ+hR8Zuqd5eRc="
		},
		"frac": {
			"version": "1.1.2",
			"resolved": "https://registry.npmjs.org/frac/-/frac-1.1.2.tgz",
			"integrity": "sha512-w/XBfkibaTl3YDqASwfDUqkna4Z2p9cFSr1aHDt0WoMTECnRfBOv2WArlZILlqgWlmdIlALXGpM2AOhEk5W3IA=="
		},
		"grapheme-splitter": {
			"version": "1.0.4",
			"resolved": "https://registry.npmjs.org/grapheme-splitter/-/grapheme-splitter-1.0.4.tgz",
			"integrity": "sha512-bzh50DW9kTPM00T8y4o8vQg89Di9oLJVLW/KaOGIXJWP/iqCN6WKYkbNOF04vFLJhwcpYUh9ydh/+5vpOqV4YQ=="
		},
		"https-proxy-agent": {
			"version": "3.0.1",
			"resolved": "https://registry.npmjs.org/https-proxy-agent/-/https-proxy-agent-3.0.1.tgz",
			"integrity": "sha512-+ML2Rbh6DAuee7d07tYGEKOEi2voWPUGan+ExdPbPW6Z3svq+JCqr0v8WmKPOkz1vOVykPCBSuobe7G8GJUtVg==",
			"requires": {
				"agent-base": "^4.3.0",
				"debug": "^3.1.0"
			}
		},
		"kuromoji": {
			"version": "0.1.2",
			"resolved": "https://registry.npmjs.org/kuromoji/-/kuromoji-0.1.2.tgz",
			"integrity": "sha512-V0dUf+C2LpcPEXhoHLMAop/bOht16Dyr+mDiIE39yX3vqau7p80De/koFqpiTcL1zzdZlc3xuHZ8u5gjYRfFaQ==",
			"requires": {
				"async": "^2.0.1",
				"doublearray": "0.0.2",
				"zlibjs": "^0.3.1"
			}
		},
		"levn": {
			"version": "0.3.0",
			"resolved": "https://registry.npmjs.org/levn/-/levn-0.3.0.tgz",
			"integrity": "sha1-OwmSTt+fCDwEkP3UwLxEIeBHZO4=",
			"requires": {
				"prelude-ls": "~1.1.2",
				"type-check": "~0.3.2"
			}
		},
		"lodash": {
			"version": "4.17.15",
			"resolved": "https://registry.npmjs.org/lodash/-/lodash-4.17.15.tgz",
			"integrity": "sha512-8xOcRHvCjnocdS5cpwXQXVzmmh5e5+saE2QGoeQmbKmRS6J3VQppPOIt0MnmE+4xlZoumy0GPG0D0MVIQbNA1A=="
		},
		"lodash.escaperegexp": {
			"version": "4.1.2",
			"resolved": "https://registry.npmjs.org/lodash.escaperegexp/-/lodash.escaperegexp-4.1.2.tgz",
			"integrity": "sha1-ZHYsSGGAglGKw99Mz11YhtriA0c="
		},
		"lodash.isequal": {
			"version": "4.5.0",
			"resolved": "https://registry.npmjs.org/lodash.isequal/-/lodash.isequal-4.5.0.tgz",
			"integrity": "sha1-QVxEePK8wwEgwizhDtMib30+GOA="
		},
		"lodash.last": {
			"version": "3.0.0",
			"resolved": "https://registry.npmjs.org/lodash.last/-/lodash.last-3.0.0.tgz",
			"integrity": "sha1-JC9mMRLdTG5jcoxgo8kJ0b2tvUw="
		},
		"lodash.max": {
			"version": "4.0.1",
			"resolved": "https://registry.npmjs.org/lodash.max/-/lodash.max-4.0.1.tgz",
			"integrity": "sha1-hzVWbGGLNan3YFILSHrnllivE2o="
		},
		"lodash.sortby": {
			"version": "4.7.0",
			"resolved": "https://registry.npmjs.org/lodash.sortby/-/lodash.sortby-4.7.0.tgz",
			"integrity": "sha1-7dFMgk4sycHgsKG0K7UhBRakJDg="
		},
		"lodash.tonumber": {
			"version": "4.0.3",
			"resolved": "https://registry.npmjs.org/lodash.tonumber/-/lodash.tonumber-4.0.3.tgz",
			"integrity": "sha1-C5azGzVnJ5Prf1pj7nkfG56QJdk="
		},
		"lodash.trimend": {
			"version": "4.5.1",
			"resolved": "https://registry.npmjs.org/lodash.trimend/-/lodash.trimend-4.5.1.tgz",
			"integrity": "sha1-EoBENyhrmMrYmWt5QU4RMAEUCC8="
		},
		"ms": {
			"version": "2.1.2",
			"resolved": "https://registry.npmjs.org/ms/-/ms-2.1.2.tgz",
			"integrity": "sha512-sGkPx+VjMtmA6MX27oA4FBFELFCZZ4S4XqeGOXCv68tT+jb3vk/RyaKWP0PTKyWtmLSM0b+adUTEvbs1PEaH2w=="
		},
		"node-nlp": {
			"version": "4.2.1",
			"resolved": "https://registry.npmjs.org/node-nlp/-/node-nlp-4.2.1.tgz",
			"integrity": "sha512-q4NbXK3vKYTWHptXCbn1LsZAziRkiLrhj/U0tkvnM3tG0FU+xvWsPUhs0NNrBL3IfWhnvuO3ilo55AUf/ufd4A==",
			"requires": {
				"@nlpjs/builtin-duckling": "^4.1.4",
				"@nlpjs/builtin-microsoft": "^4.1.4",
				"@nlpjs/core-loader": "^4.2.1",
				"@nlpjs/emoji": "^4.1.4",
				"@nlpjs/evaluator": "^4.0.0-rc.19",
				"@nlpjs/lang-all": "^4.2.1",
				"@nlpjs/language": "^4.1.1",
				"@nlpjs/neural": "^4.1.4",
				"@nlpjs/nlg": "^4.1.4",
				"@nlpjs/nlp": "^4.2.1",
				"@nlpjs/nlu": "^4.2.0",
				"@nlpjs/request": "^4.1.0",
				"@nlpjs/sentiment": "^4.1.4",
				"@nlpjs/similarity": "^4.0.0-rc.4",
				"@nlpjs/xtables": "^4.0.0-rc.4"
			}
		},
		"optionator": {
			"version": "0.8.3",
			"resolved": "https://registry.npmjs.org/optionator/-/optionator-0.8.3.tgz",
			"integrity": "sha512-+IW9pACdk3XWmmTXG8m3upGUJst5XRGzxMRjXzAuJ1XnIFNvfhjjIuYkDvysnPQ7qzqVzLt78BCruntqRhWQbA==",
			"requires": {
				"deep-is": "~0.1.3",
				"fast-levenshtein": "~2.0.6",
				"levn": "~0.3.0",
				"prelude-ls": "~1.1.2",
				"type-check": "~0.3.2",
				"word-wrap": "~1.2.3"
			}
		},
		"prelude-ls": {
			"version": "1.1.2",
			"resolved": "https://registry.npmjs.org/prelude-ls/-/prelude-ls-1.1.2.tgz",
			"integrity": "sha1-IZMqVJ9eUv/ZqCf1cOBL5iqX2lQ="
		},
		"printj": {
			"version": "1.1.2",
			"resolved": "https://registry.npmjs.org/printj/-/printj-1.1.2.tgz",
			"integrity": "sha512-zA2SmoLaxZyArQTOPj5LXecR+RagfPSU5Kw1qP+jkWeNlrq+eJZyY2oS68SU1Z/7/myXM4lo9716laOFAVStCQ=="
		},
		"source-map": {
			"version": "0.6.1",
			"resolved": "https://registry.npmjs.org/source-map/-/source-map-0.6.1.tgz",
			"integrity": "sha512-UjgapumWlbMhkBgzT7Ykc5YXUT46F0iKu8SGXq0bcwP5dz/h0Plj6enJqjz1Zbq2l5WaqYnrVbwWOWMyF3F47g==",
			"optional": true
		},
		"ssf": {
			"version": "0.10.2",
			"resolved": "https://registry.npmjs.org/ssf/-/ssf-0.10.2.tgz",
			"integrity": "sha512-rDhAPm9WyIsY8eZEKyE8Qsotb3j/wBdvMWBUsOhJdfhKGLfQidRjiBUV0y/MkyCLiXQ38FG6LWW/VYUtqlIDZQ==",
			"requires": {
				"frac": "~1.1.2"
			}
		},
		"type-check": {
			"version": "0.3.2",
			"resolved": "https://registry.npmjs.org/type-check/-/type-check-0.3.2.tgz",
			"integrity": "sha1-WITKtRLPHTVeP7eE8wgEsrUg23I=",
			"requires": {
				"prelude-ls": "~1.1.2"
			}
		},
		"word-wrap": {
			"version": "1.2.3",
			"resolved": "https://registry.npmjs.org/word-wrap/-/word-wrap-1.2.3.tgz",
			"integrity": "sha512-Hz/mrNwitNRh/HUAtM/VT/5VH+ygD6DV7mYKZAtHOrbs8U7lvPS6xf7EJKMF0uW1KJCl0H701g3ZGus+muE5vQ=="
		},
		"xlsx": {
			"version": "0.15.5",
			"resolved": "https://registry.npmjs.org/xlsx/-/xlsx-0.15.5.tgz",
			"integrity": "sha512-iWyTqe6UGTkp3XQOeeKPEBcZvmBfzIo3hDIVDfhGIEoTGVIq2JWEk6tIx0F+oKUje3pfZUx4V1W+P6892AB8kQ==",
			"requires": {
				"adler-32": "~1.2.0",
				"cfb": "^1.1.3",
				"codepage": "~1.14.0",
				"commander": "~2.17.1",
				"crc-32": "~1.2.0",
				"exit-on-epipe": "~1.0.1",
				"ssf": "~0.10.2"
			}
		},
		"zlibjs": {
			"version": "0.3.1",
			"resolved": "https://registry.npmjs.org/zlibjs/-/zlibjs-0.3.1.tgz",
			"integrity": "sha1-UBl+2yihxCymWcyLTmqd3W1ERVQ="
		}
	}
}
